// !$*UTF8*$!
{
	archiveVersion = 1;
	classes = {
	};
	objectVersion = 46;
	objects = {

/* Begin PBXBuildFile section */
		AE6C36A01AD9644900841C75 /* MissionTableViewController.swift in Sources */ = {isa = PBXBuildFile; fileRef = AE6C369F1AD9644900841C75 /* MissionTableViewController.swift */; };
		AE6C36A71AD9695000841C75 /* GameConfig.plist in Resources */ = {isa = PBXBuildFile; fileRef = AE6C36A61AD9695000841C75 /* GameConfig.plist */; };
		AE6E494D1AD9F2A2005285B3 /* Mission.swift in Sources */ = {isa = PBXBuildFile; fileRef = AE6E494C1AD9F2A2005285B3 /* Mission.swift */; };
		AE6E494F1AD9F8A2005285B3 /* MissionCustomCellTableViewCell.swift in Sources */ = {isa = PBXBuildFile; fileRef = AE6E494E1AD9F8A1005285B3 /* MissionCustomCellTableViewCell.swift */; };
		AE6E49511ADA1185005285B3 /* MissionSummaryViewController.swift in Sources */ = {isa = PBXBuildFile; fileRef = AE6E49501ADA1184005285B3 /* MissionSummaryViewController.swift */; };
		AE75A04F1AD9DDCF006372A9 /* slkscr.ttf in Resources */ = {isa = PBXBuildFile; fileRef = AE75A04E1AD9DDCF006372A9 /* slkscr.ttf */; };
		AEC0F6241AD94DB200DDA0E7 /* AppDelegate.swift in Sources */ = {isa = PBXBuildFile; fileRef = AEC0F6231AD94DB200DDA0E7 /* AppDelegate.swift */; };
		AEC0F6261AD94DB200DDA0E7 /* FirstViewController.swift in Sources */ = {isa = PBXBuildFile; fileRef = AEC0F6251AD94DB200DDA0E7 /* FirstViewController.swift */; };
		AEC0F62B1AD94DB200DDA0E7 /* Main.storyboard in Resources */ = {isa = PBXBuildFile; fileRef = AEC0F6291AD94DB200DDA0E7 /* Main.storyboard */; };
		AEC0F62D1AD94DB200DDA0E7 /* Images.xcassets in Resources */ = {isa = PBXBuildFile; fileRef = AEC0F62C1AD94DB200DDA0E7 /* Images.xcassets */; };
		AEC0F6301AD94DB200DDA0E7 /* LaunchScreen.xib in Resources */ = {isa = PBXBuildFile; fileRef = AEC0F62E1AD94DB200DDA0E7 /* LaunchScreen.xib */; };
		AEC0F63C1AD94DB300DDA0E7 /* blast_offTests.swift in Sources */ = {isa = PBXBuildFile; fileRef = AEC0F63B1AD94DB300DDA0E7 /* blast_offTests.swift */; };
/* End PBXBuildFile section */

/* Begin PBXContainerItemProxy section */
		AEC0F6361AD94DB300DDA0E7 /* PBXContainerItemProxy */ = {
			isa = PBXContainerItemProxy;
			containerPortal = AEC0F6161AD94DB100DDA0E7 /* Project object */;
			proxyType = 1;
			remoteGlobalIDString = AEC0F61D1AD94DB100DDA0E7;
			remoteInfo = "blast-off";
		};
/* End PBXContainerItemProxy section */

/* Begin PBXFileReference section */
		AE6C369F1AD9644900841C75 /* MissionTableViewController.swift */ = {isa = PBXFileReference; fileEncoding = 4; lastKnownFileType = sourcecode.swift; path = MissionTableViewController.swift; sourceTree = "<group>"; };
		AE6C36A61AD9695000841C75 /* GameConfig.plist */ = {isa = PBXFileReference; fileEncoding = 4; lastKnownFileType = text.plist.xml; path = GameConfig.plist; sourceTree = "<group>"; };
		AE6E494C1AD9F2A2005285B3 /* Mission.swift */ = {isa = PBXFileReference; fileEncoding = 4; lastKnownFileType = sourcecode.swift; path = Mission.swift; sourceTree = "<group>"; };
		AE6E494E1AD9F8A1005285B3 /* MissionCustomCellTableViewCell.swift */ = {isa = PBXFileReference; fileEncoding = 4; lastKnownFileType = sourcecode.swift; path = MissionCustomCellTableViewCell.swift; sourceTree = "<group>"; };
		AE6E49501ADA1184005285B3 /* MissionSummaryViewController.swift */ = {isa = PBXFileReference; fileEncoding = 4; lastKnownFileType = sourcecode.swift; path = MissionSummaryViewController.swift; sourceTree = "<group>"; };
		AE75A04E1AD9DDCF006372A9 /* slkscr.ttf */ = {isa = PBXFileReference; lastKnownFileType = file; path = slkscr.ttf; sourceTree = "<group>"; };
		AEC0F61E1AD94DB200DDA0E7 /* blast-off.app */ = {isa = PBXFileReference; explicitFileType = wrapper.application; includeInIndex = 0; path = "blast-off.app"; sourceTree = BUILT_PRODUCTS_DIR; };
		AEC0F6221AD94DB200DDA0E7 /* Info.plist */ = {isa = PBXFileReference; lastKnownFileType = text.plist.xml; path = Info.plist; sourceTree = "<group>"; };
		AEC0F6231AD94DB200DDA0E7 /* AppDelegate.swift */ = {isa = PBXFileReference; lastKnownFileType = sourcecode.swift; path = AppDelegate.swift; sourceTree = "<group>"; };
		AEC0F6251AD94DB200DDA0E7 /* FirstViewController.swift */ = {isa = PBXFileReference; lastKnownFileType = sourcecode.swift; path = FirstViewController.swift; sourceTree = "<group>"; };
		AEC0F62A1AD94DB200DDA0E7 /* Base */ = {isa = PBXFileReference; lastKnownFileType = file.storyboard; name = Base; path = Base.lproj/Main.storyboard; sourceTree = "<group>"; };
		AEC0F62C1AD94DB200DDA0E7 /* Images.xcassets */ = {isa = PBXFileReference; lastKnownFileType = folder.assetcatalog; path = Images.xcassets; sourceTree = "<group>"; };
		AEC0F62F1AD94DB200DDA0E7 /* Base */ = {isa = PBXFileReference; lastKnownFileType = file.xib; name = Base; path = Base.lproj/LaunchScreen.xib; sourceTree = "<group>"; };
		AEC0F6351AD94DB300DDA0E7 /* blast-offTests.xctest */ = {isa = PBXFileReference; explicitFileType = wrapper.cfbundle; includeInIndex = 0; path = "blast-offTests.xctest"; sourceTree = BUILT_PRODUCTS_DIR; };
		AEC0F63A1AD94DB300DDA0E7 /* Info.plist */ = {isa = PBXFileReference; lastKnownFileType = text.plist.xml; path = Info.plist; sourceTree = "<group>"; };
		AEC0F63B1AD94DB300DDA0E7 /* blast_offTests.swift */ = {isa = PBXFileReference; lastKnownFileType = sourcecode.swift; path = blast_offTests.swift; sourceTree = "<group>"; };
/* End PBXFileReference section */

/* Begin PBXFrameworksBuildPhase section */
		AEC0F61B1AD94DB100DDA0E7 /* Frameworks */ = {
			isa = PBXFrameworksBuildPhase;
			buildActionMask = 2147483647;
			files = (
			);
			runOnlyForDeploymentPostprocessing = 0;
		};
		AEC0F6321AD94DB300DDA0E7 /* Frameworks */ = {
			isa = PBXFrameworksBuildPhase;
			buildActionMask = 2147483647;
			files = (
			);
			runOnlyForDeploymentPostprocessing = 0;
		};
/* End PBXFrameworksBuildPhase section */

/* Begin PBXGroup section */
		AEC0F6151AD94DB100DDA0E7 = {
			isa = PBXGroup;
			children = (
				AEC0F6201AD94DB200DDA0E7 /* blast-off */,
				AEC0F6381AD94DB300DDA0E7 /* blast-offTests */,
				AEC0F61F1AD94DB200DDA0E7 /* Products */,
			);
			sourceTree = "<group>";
		};
		AEC0F61F1AD94DB200DDA0E7 /* Products */ = {
			isa = PBXGroup;
			children = (
				AEC0F61E1AD94DB200DDA0E7 /* blast-off.app */,
				AEC0F6351AD94DB300DDA0E7 /* blast-offTests.xctest */,
			);
			name = Products;
			sourceTree = "<group>";
		};
		AEC0F6201AD94DB200DDA0E7 /* blast-off */ = {
			isa = PBXGroup;
			children = (
				AE6E494E1AD9F8A1005285B3 /* MissionCustomCellTableViewCell.swift */,
				AEC0F6231AD94DB200DDA0E7 /* AppDelegate.swift */,
				AEC0F6251AD94DB200DDA0E7 /* FirstViewController.swift */,
				AEC0F6291AD94DB200DDA0E7 /* Main.storyboard */,
				AEC0F62C1AD94DB200DDA0E7 /* Images.xcassets */,
				AEC0F62E1AD94DB200DDA0E7 /* LaunchScreen.xib */,
				AEC0F6211AD94DB200DDA0E7 /* Supporting Files */,
				AE6C369F1AD9644900841C75 /* MissionTableViewController.swift */,
				AE6C36A61AD9695000841C75 /* GameConfig.plist */,
				AE6E494C1AD9F2A2005285B3 /* Mission.swift */,
				AE6E49501ADA1184005285B3 /* MissionSummaryViewController.swift */,
			);
			path = "blast-off";
			sourceTree = "<group>";
		};
		AEC0F6211AD94DB200DDA0E7 /* Supporting Files */ = {
			isa = PBXGroup;
			children = (
				AE75A04E1AD9DDCF006372A9 /* slkscr.ttf */,
				AEC0F6221AD94DB200DDA0E7 /* Info.plist */,
			);
			name = "Supporting Files";
			sourceTree = "<group>";
		};
		AEC0F6381AD94DB300DDA0E7 /* blast-offTests */ = {
			isa = PBXGroup;
			children = (
				AEC0F63B1AD94DB300DDA0E7 /* blast_offTests.swift */,
				AEC0F6391AD94DB300DDA0E7 /* Supporting Files */,
			);
			path = "blast-offTests";
			sourceTree = "<group>";
		};
		AEC0F6391AD94DB300DDA0E7 /* Supporting Files */ = {
			isa = PBXGroup;
			children = (
				AEC0F63A1AD94DB300DDA0E7 /* Info.plist */,
			);
			name = "Supporting Files";
			sourceTree = "<group>";
		};
/* End PBXGroup section */

/* Begin PBXNativeTarget section */
		AEC0F61D1AD94DB100DDA0E7 /* blast-off */ = {
			isa = PBXNativeTarget;
			buildConfigurationList = AEC0F63F1AD94DB300DDA0E7 /* Build configuration list for PBXNativeTarget "blast-off" */;
			buildPhases = (
				AEC0F61A1AD94DB100DDA0E7 /* Sources */,
				AEC0F61B1AD94DB100DDA0E7 /* Frameworks */,
				AEC0F61C1AD94DB100DDA0E7 /* Resources */,
			);
			buildRules = (
			);
			dependencies = (
			);
			name = "blast-off";
			productName = "blast-off";
			productReference = AEC0F61E1AD94DB200DDA0E7 /* blast-off.app */;
			productType = "com.apple.product-type.application";
		};
		AEC0F6341AD94DB300DDA0E7 /* blast-offTests */ = {
			isa = PBXNativeTarget;
			buildConfigurationList = AEC0F6421AD94DB300DDA0E7 /* Build configuration list for PBXNativeTarget "blast-offTests" */;
			buildPhases = (
				AEC0F6311AD94DB300DDA0E7 /* Sources */,
				AEC0F6321AD94DB300DDA0E7 /* Frameworks */,
				AEC0F6331AD94DB300DDA0E7 /* Resources */,
			);
			buildRules = (
			);
			dependencies = (
				AEC0F6371AD94DB300DDA0E7 /* PBXTargetDependency */,
			);
			name = "blast-offTests";
			productName = "blast-offTests";
			productReference = AEC0F6351AD94DB300DDA0E7 /* blast-offTests.xctest */;
			productType = "com.apple.product-type.bundle.unit-test";
		};
/* End PBXNativeTarget section */

/* Begin PBXProject section */
		AEC0F6161AD94DB100DDA0E7 /* Project object */ = {
			isa = PBXProject;
			attributes = {
				LastUpgradeCheck = 0620;
				ORGANIZATIONNAME = "George Baines";
				TargetAttributes = {
					AEC0F61D1AD94DB100DDA0E7 = {
						CreatedOnToolsVersion = 6.2;
					};
					AEC0F6341AD94DB300DDA0E7 = {
						CreatedOnToolsVersion = 6.2;
						TestTargetID = AEC0F61D1AD94DB100DDA0E7;
					};
				};
			};
			buildConfigurationList = AEC0F6191AD94DB100DDA0E7 /* Build configuration list for PBXProject "blast-off" */;
			compatibilityVersion = "Xcode 3.2";
			developmentRegion = English;
			hasScannedForEncodings = 0;
			knownRegions = (
				en,
				Base,
			);
			mainGroup = AEC0F6151AD94DB100DDA0E7;
			productRefGroup = AEC0F61F1AD94DB200DDA0E7 /* Products */;
			projectDirPath = "";
			projectRoot = "";
			targets = (
				AEC0F61D1AD94DB100DDA0E7 /* blast-off */,
				AEC0F6341AD94DB300DDA0E7 /* blast-offTests */,
			);
		};
/* End PBXProject section */

/* Begin PBXResourcesBuildPhase section */
		AEC0F61C1AD94DB100DDA0E7 /* Resources */ = {
			isa = PBXResourcesBuildPhase;
			buildActionMask = 2147483647;
			files = (
				AEC0F62B1AD94DB200DDA0E7 /* Main.storyboard in Resources */,
				AE6C36A71AD9695000841C75 /* GameConfig.plist in Resources */,
				AEC0F6301AD94DB200DDA0E7 /* LaunchScreen.xib in Resources */,
				AEC0F62D1AD94DB200DDA0E7 /* Images.xcassets in Resources */,
				AE75A04F1AD9DDCF006372A9 /* slkscr.ttf in Resources */,
			);
			runOnlyForDeploymentPostprocessing = 0;
		};
		AEC0F6331AD94DB300DDA0E7 /* Resources */ = {
			isa = PBXResourcesBuildPhase;
			buildActionMask = 2147483647;
			files = (
			);
			runOnlyForDeploymentPostprocessing = 0;
		};
/* End PBXResourcesBuildPhase section */

/* Begin PBXSourcesBuildPhase section */
		AEC0F61A1AD94DB100DDA0E7 /* Sources */ = {
			isa = PBXSourcesBuildPhase;
			buildActionMask = 2147483647;
			files = (
				AEC0F6241AD94DB200DDA0E7 /* AppDelegate.swift in Sources */,
				AE6C36A01AD9644900841C75 /* MissionTableViewController.swift in Sources */,
				AE6E494D1AD9F2A2005285B3 /* Mission.swift in Sources */,
				AE6E494F1AD9F8A2005285B3 /* MissionCustomCellTableViewCell.swift in Sources */,
				AE6E49511ADA1185005285B3 /* MissionSummaryViewController.swift in Sources */,
				AEC0F6261AD94DB200DDA0E7 /* FirstViewController.swift in Sources */,
			);
			runOnlyForDeploymentPostprocessing = 0;
		};
		AEC0F6311AD94DB300DDA0E7 /* Sources */ = {
			isa = PBXSourcesBuildPhase;
			buildActionMask = 2147483647;
			files = (
				AEC0F63C1AD94DB300DDA0E7 /* blast_offTests.swift in Sources */,
			);
			runOnlyForDeploymentPostprocessing = 0;
		};
/* End PBXSourcesBuildPhase section */

/* Begin PBXTargetDependency section */
		AEC0F6371AD94DB300DDA0E7 /* PBXTargetDependency */ = {
			isa = PBXTargetDependency;
			target = AEC0F61D1AD94DB100DDA0E7 /* blast-off */;
			targetProxy = AEC0F6361AD94DB300DDA0E7 /* PBXContainerItemProxy */;
		};
/* End PBXTargetDependency section */

/* Begin PBXVariantGroup section */
		AEC0F6291AD94DB200DDA0E7 /* Main.storyboard */ = {
			isa = PBXVariantGroup;
			children = (
				AEC0F62A1AD94DB200DDA0E7 /* Base */,
			);
			name = Main.storyboard;
			sourceTree = "<group>";
		};
		AEC0F62E1AD94DB200DDA0E7 /* LaunchScreen.xib */ = {
			isa = PBXVariantGroup;
			children = (
				AEC0F62F1AD94DB200DDA0E7 /* Base */,
			);
			name = LaunchScreen.xib;
			sourceTree = "<group>";
		};
/* End PBXVariantGroup section */

/* Begin XCBuildConfiguration section */
		AEC0F63D1AD94DB300DDA0E7 /* Debug */ = {
			isa = XCBuildConfiguration;
			buildSettings = {
				ALWAYS_SEARCH_USER_PATHS = NO;
				CLANG_CXX_LANGUAGE_STANDARD = "gnu++0x";
				CLANG_CXX_LIBRARY = "libc++";
				CLANG_ENABLE_MODULES = YES;
				CLANG_ENABLE_OBJC_ARC = YES;
				CLANG_WARN_BOOL_CONVERSION = YES;
				CLANG_WARN_CONSTANT_CONVERSION = YES;
				CLANG_WARN_DIRECT_OBJC_ISA_USAGE = YES_ERROR;
				CLANG_WARN_EMPTY_BODY = YES;
				CLANG_WARN_ENUM_CONVERSION = YES;
				CLANG_WARN_INT_CONVERSION = YES;
				CLANG_WARN_OBJC_ROOT_CLASS = YES_ERROR;
				CLANG_WARN_UNREACHABLE_CODE = YES;
				CLANG_WARN__DUPLICATE_METHOD_MATCH = YES;
				"CODE_SIGN_IDENTITY[sdk=iphoneos*]" = "iPhone Developer";
				COPY_PHASE_STRIP = NO;
				ENABLE_STRICT_OBJC_MSGSEND = YES;
				GCC_C_LANGUAGE_STANDARD = gnu99;
				GCC_DYNAMIC_NO_PIC = NO;
				GCC_OPTIMIZATION_LEVEL = 0;
				GCC_PREPROCESSOR_DEFINITIONS = (
					"DEBUG=1",
					"$(inherited)",
				);
				GCC_SYMBOLS_PRIVATE_EXTERN = NO;
				GCC_WARN_64_TO_32_BIT_CONVERSION = YES;
				GCC_WARN_ABOUT_RETURN_TYPE = YES_ERROR;
				GCC_WARN_UNDECLARED_SELECTOR = YES;
				GCC_WARN_UNINITIALIZED_AUTOS = YES_AGGRESSIVE;
				GCC_WARN_UNUSED_FUNCTION = YES;
				GCC_WARN_UNUSED_VARIABLE = YES;
				IPHONEOS_DEPLOYMENT_TARGET = 8.2;
				MTL_ENABLE_DEBUG_INFO = YES;
				ONLY_ACTIVE_ARCH = YES;
				SDKROOT = iphoneos;
				SWIFT_OPTIMIZATION_LEVEL = "-Onone";
				TARGETED_DEVICE_FAMILY = "1,2";
			};
			name = Debug;
		};
		AEC0F63E1AD94DB300DDA0E7 /* Release */ = {
			isa = XCBuildConfiguration;
			buildSettings = {
				ALWAYS_SEARCH_USER_PATHS = NO;
				CLANG_CXX_LANGUAGE_STANDARD = "gnu++0x";
				CLANG_CXX_LIBRARY = "libc++";
				CLANG_ENABLE_MODULES = YES;
				CLANG_ENABLE_OBJC_ARC = YES;
				CLANG_WARN_BOOL_CONVERSION = YES;
				CLANG_WARN_CONSTANT_CONVERSION = YES;
				CLANG_WARN_DIRECT_OBJC_ISA_USAGE = YES_ERROR;
				CLANG_WARN_EMPTY_BODY = YES;
				CLANG_WARN_ENUM_CONVERSION = YES;
				CLANG_WARN_INT_CONVERSION = YES;
				CLANG_WARN_OBJC_ROOT_CLASS = YES_ERROR;
				CLANG_WARN_UNREACHABLE_CODE = YES;
				CLANG_WARN__DUPLICATE_METHOD_MATCH = YES;
				"CODE_SIGN_IDENTITY[sdk=iphoneos*]" = "iPhone Developer";
				COPY_PHASE_STRIP = NO;
				ENABLE_NS_ASSERTIONS = NO;
				ENABLE_STRICT_OBJC_MSGSEND = YES;
				GCC_C_LANGUAGE_STANDARD = gnu99;
				GCC_WARN_64_TO_32_BIT_CONVERSION = YES;
				GCC_WARN_ABOUT_RETURN_TYPE = YES_ERROR;
				GCC_WARN_UNDECLARED_SELECTOR = YES;
				GCC_WARN_UNINITIALIZED_AUTOS = YES_AGGRESSIVE;
				GCC_WARN_UNUSED_FUNCTION = YES;
				GCC_WARN_UNUSED_VARIABLE = YES;
				IPHONEOS_DEPLOYMENT_TARGET = 8.2;
				MTL_ENABLE_DEBUG_INFO = NO;
				SDKROOT = iphoneos;
				TARGETED_DEVICE_FAMILY = "1,2";
				VALIDATE_PRODUCT = YES;
			};
			name = Release;
		};
		AEC0F6401AD94DB300DDA0E7 /* Debug */ = {
			isa = XCBuildConfiguration;
			buildSettings = {
				ASSETCATALOG_COMPILER_APPICON_NAME = AppIcon;
				INFOPLIST_FILE = "blast-off/Info.plist";
				LD_RUNPATH_SEARCH_PATHS = "$(inherited) @executable_path/Frameworks";
				PRODUCT_NAME = "$(TARGET_NAME)";
			};
			name = Debug;
		};
		AEC0F6411AD94DB300DDA0E7 /* Release */ = {
			isa = XCBuildConfiguration;
			buildSettings = {
				ASSETCATALOG_COMPILER_APPICON_NAME = AppIcon;
				INFOPLIST_FILE = "blast-off/Info.plist";
				LD_RUNPATH_SEARCH_PATHS = "$(inherited) @executable_path/Frameworks";
				PRODUCT_NAME = "$(TARGET_NAME)";
			};
			name = Release;
		};
		AEC0F6431AD94DB300DDA0E7 /* Debug */ = {
			isa = XCBuildConfiguration;
			buildSettings = {
				BUNDLE_LOADER = "$(TEST_HOST)";
				FRAMEWORK_SEARCH_PATHS = (
					"$(SDKROOT)/Developer/Library/Frameworks",
					"$(inherited)",
				);
				GCC_PREPROCESSOR_DEFINITIONS = (
					"DEBUG=1",
					"$(inherited)",
				);
				INFOPLIST_FILE = "blast-offTests/Info.plist";
				LD_RUNPATH_SEARCH_PATHS = "$(inherited) @executable_path/Frameworks @loader_path/Frameworks";
				PRODUCT_NAME = "$(TARGET_NAME)";
				TEST_HOST = "$(BUILT_PRODUCTS_DIR)/blast-off.app/blast-off";
			};
			name = Debug;
		};
		AEC0F6441AD94DB300DDA0E7 /* Release */ = {
			isa = XCBuildConfiguration;
			buildSettings = {
				BUNDLE_LOADER = "$(TEST_HOST)";
				FRAMEWORK_SEARCH_PATHS = (
					"$(SDKROOT)/Developer/Library/Frameworks",
					"$(inherited)",
				);
				INFOPLIST_FILE = "blast-offTests/Info.plist";
				LD_RUNPATH_SEARCH_PATHS = "$(inherited) @executable_path/Frameworks @loader_path/Frameworks";
				PRODUCT_NAME = "$(TARGET_NAME)";
				TEST_HOST = "$(BUILT_PRODUCTS_DIR)/blast-off.app/blast-off";
			};
			name = Release;
		};
/* End XCBuildConfiguration section */

/* Begin XCConfigurationList section */
		AEC0F6191AD94DB100DDA0E7 /* Build configuration list for PBXProject "blast-off" */ = {
			isa = XCConfigurationList;
			buildConfigurations = (
				AEC0F63D1AD94DB300DDA0E7 /* Debug */,
				AEC0F63E1AD94DB300DDA0E7 /* Release */,
			);
			defaultConfigurationIsVisible = 0;
			defaultConfigurationName = Release;
		};
		AEC0F63F1AD94DB300DDA0E7 /* Build configuration list for PBXNativeTarget "blast-off" */ = {
			isa = XCConfigurationList;
			buildConfigurations = (
				AEC0F6401AD94DB300DDA0E7 /* Debug */,
				AEC0F6411AD94DB300DDA0E7 /* Release */,
			);
			defaultConfigurationIsVisible = 0;
			defaultConfigurationName = Release;
		};
		AEC0F6421AD94DB300DDA0E7 /* Build configuration list for PBXNativeTarget "blast-offTests" */ = {
			isa = XCConfigurationList;
			buildConfigurations = (
				AEC0F6431AD94DB300DDA0E7 /* Debug */,
				AEC0F6441AD94DB300DDA0E7 /* Release */,
			);
			defaultConfigurationIsVisible = 0;
			defaultConfigurationName = Release;
		};
/* End XCConfigurationList section */
	};
	rootObject = AEC0F6161AD94DB100DDA0E7 /* Project object */;
}
